
Microsoft Visual Studio Solution File, Format Version 12.00
# Visual Studio Version 17
VisualStudioVersion = 17.9.34616.47
MinimumVisualStudioVersion = 10.0.40219.1
Project("{FAE04EC0-301F-11D3-BF4B-00C04F79EFBC}") = "Server", "Server\Server.csproj", "{399D377F-F60B-4020-B1FE-4E60D35DDE55}"
EndProject
Project("{FAE04EC0-301F-11D3-BF4B-00C04F79EFBC}") = "client", "client\client.csproj", "{89E485D8-2C04-4DCE-9F09-59D69D400FD7}"
EndProject
Global
	GlobalSection(SolutionConfigurationPlatforms) = preSolution
		Debug|Any CPU = Debug|Any CPU
		Release|Any CPU = Release|Any CPU
	EndGlobalSection
	GlobalSection(ProjectConfigurationPlatforms) = postSolution
		{399D377F-F60B-4020-B1FE-4E60D35DDE55}.Debug|Any CPU.ActiveCfg = Debug|Any CPU
		{399D377F-F60B-4020-B1FE-4E60D35DDE55}.Debug|Any CPU.Build.0 = Debug|Any CPU
		{399D377F-F60B-4020-B1FE-4E60D35DDE55}.Release|Any CPU.ActiveCfg = Release|Any CPU
		{399D377F-F60B-4020-B1FE-4E60D35DDE55}.Release|Any CPU.Build.0 = Release|Any CPU
		{89E485D8-2C04-4DCE-9F09-59D69D400FD7}.Debug|Any CPU.ActiveCfg = Debug|Any CPU
		{89E485D8-2C04-4DCE-9F09-59D69D400FD7}.Debug|Any CPU.Build.0 = Debug|Any CPU
		{89E485D8-2C04-4DCE-9F09-59D69D400FD7}.Release|Any CPU.ActiveCfg = Release|Any CPU
		{89E485D8-2C04-4DCE-9F09-59D69D400FD7}.Release|Any CPU.Build.0 = Release|Any CPU
	EndGlobalSection
	GlobalSection(SolutionProperties) = preSolution
		HideSolutionNode = FALSE
	EndGlobalSection
	GlobalSection(ExtensibilityGlobals) = postSolution
		SolutionGuid = {1C8EC134-5B6A-48C8-8EBD-D708D0BB33E2}
	EndGlobalSection
EndGlobal
